{
  "name": "alexa-skills",
  "version": "1.0.0",
  "lockfileVersion": 1,
  "requires": true,
  "dependencies": {
    "@babel/runtime": {
      "version": "7.7.1",
      "resolved": "https://registry.npmjs.org/@babel/runtime/-/runtime-7.7.1.tgz",
      "integrity": "sha512-SQ0sS7KUJDvgCI2cpZG0nJygO6002oTbhgSuw4WcocsnbxLwL5Q8I3fqbJdyBAc3uFrWZiR2JomseuxSuci3SQ==",
      "requires": {
        "regenerator-runtime": "^0.13.2"
      }
    },
    "ask-sdk-core": {
      "version": "2.7.0",
      "resolved": "https://registry.npmjs.org/ask-sdk-core/-/ask-sdk-core-2.7.0.tgz",
      "integrity": "sha512-XEuoQOH8B+fQqdVRtEeLWtNL46yjKxwIpbXg042ZaCNYwwmJaVmbvmnR5p0UXgKjULqWm1QEXjYL5INQlfrK7w==",
      "requires": {
        "ask-sdk-runtime": "^2.7.0"
      }
    },
    "ask-sdk-model": {
      "version": "1.22.0",
      "resolved": "https://registry.npmjs.org/ask-sdk-model/-/ask-sdk-model-1.22.0.tgz",
      "integrity": "sha512-yO3gyrpB76e3BZWifzIvkMY4x7nZqjfBgQQlgVYbhW4+OwzUHkXhzLTq2AEzez0QqSJT3hSETxGqc9QeSDOJcg=="
    },
    "ask-sdk-runtime": {
      "version": "2.7.0",
      "resolved": "https://registry.npmjs.org/ask-sdk-runtime/-/ask-sdk-runtime-2.7.0.tgz",
      "integrity": "sha512-l2YxzibbTc8Ld5Rpy/Kg3oASiCGKHxgbZnKYrywZStlDPF5tEAGpRBhdtVd+yBSRikl/9fgcetb2wMewtoZF2g=="
    },
    "i18next": {
      "version": "19.0.0",
      "resolved": "https://registry.npmjs.org/i18next/-/i18next-19.0.0.tgz",
      "integrity": "sha512-xxNKNOqLdGP/M+/fzzBOhcc9hCAqv6gDhHq0xbYz/Vlz5PlMfr9P1LbBvmk7RkZjYoh/kyM1tnfSl+sJ2VaD0Q==",
      "requires": {
        "@babel/runtime": "^7.3.1"
      }
    },
    "regenerator-runtime": {
      "version": "0.13.3",
      "resolved": "https://registry.npmjs.org/regenerator-runtime/-/regenerator-runtime-0.13.3.tgz",
      "integrity": "sha512-naKIZz2GQ8JWh///G7L3X6LaQUAMp2lvb1rvwwsURe/VXwD6VMfr+/1NuNw3ag8v2kY1aQ/go5SNn79O9JU7yw=="
    }
  }
}
