{
  "name": "alexa-skills",
  "version": "1.0.0",
  "lockfileVersion": 1,
  "requires": true,
  "dependencies": {
    "ask-sdk-core": {
      "version": "2.7.0",
      "resolved": "https://registry.npmjs.org/ask-sdk-core/-/ask-sdk-core-2.7.0.tgz",
      "integrity": "sha512-XEuoQOH8B+fQqdVRtEeLWtNL46yjKxwIpbXg042ZaCNYwwmJaVmbvmnR5p0UXgKjULqWm1QEXjYL5INQlfrK7w==",
      "requires": {
        "ask-sdk-runtime": "^2.7.0"
      }
    },
    "ask-sdk-model": {
      "version": "1.22.0",
      "resolved": "https://registry.npmjs.org/ask-sdk-model/-/ask-sdk-model-1.22.0.tgz",
      "integrity": "sha512-yO3gyrpB76e3BZWifzIvkMY4x7nZqjfBgQQlgVYbhW4+OwzUHkXhzLTq2AEzez0QqSJT3hSETxGqc9QeSDOJcg=="
    },
    "ask-sdk-runtime": {
      "version": "2.7.0",
      "resolved": "https://registry.npmjs.org/ask-sdk-runtime/-/ask-sdk-runtime-2.7.0.tgz",
      "integrity": "sha512-l2YxzibbTc8Ld5Rpy/Kg3oASiCGKHxgbZnKYrywZStlDPF5tEAGpRBhdtVd+yBSRikl/9fgcetb2wMewtoZF2g=="
    }
  }
}
